{
  "name": "miniprogram-ts-quickstart",
  "version": "1.0.0",
  "lockfileVersion": 1,
  "requires": true,
  "dependencies": {
    "aes-js": {
      "version": "3.1.2",
      "resolved": "https://registry.npm.taobao.org/aes-js/download/aes-js-3.1.2.tgz",
      "integrity": "sha1-25qr3oXVyqu/wNTypERpYPYnFGo="
    },
    "gbk-encode": {
      "version": "1.0.1",
      "resolved": "https://registry.npm.taobao.org/gbk-encode/download/gbk-encode-1.0.1.tgz",
      "integrity": "sha1-LIGfS5ml7Z1fsSBfAKRfm7nCNRU="
    },
    "js-md5": {
      "version": "0.7.3",
      "resolved": "https://registry.npm.taobao.org/js-md5/download/js-md5-0.7.3.tgz",
      "integrity": "sha1-tPL7sLMnRV9ZjWcn447Ccs0Jw/I="
    },
    "mini_program_gizwits_sdk": {
      "version": "2.0.8-rc.1",
      "resolved": "https://registry.npm.taobao.org/mini_program_gizwits_sdk/download/mini_program_gizwits_sdk-2.0.8-rc.1.tgz",
      "integrity": "sha1-+hQUFWHZsKbLvbroT2pHmcMcnik=",
      "requires": {
        "aes-js": "^3.1.2",
        "gbk-encode": "^1.0.1",
        "js-md5": "^0.7.3"
      }
    },
    "miniprogram-api-typings": {
      "version": "2.12.0",
      "resolved": "https://registry.npm.taobao.org/miniprogram-api-typings/download/miniprogram-api-typings-2.12.0.tgz?cache=0&sync_timestamp=1614759852540&other_urls=https%3A%2F%2Fregistry.npm.taobao.org%2Fminiprogram-api-typings%2Fdownload%2Fminiprogram-api-typings-2.12.0.tgz",
      "integrity": "sha1-einJDz5e+jZYhCLR8B4i0zlKqqE=",
      "dev": true
    },
    "typescript": {
      "version": "3.9.9",
      "resolved": "https://registry.npm.taobao.org/typescript/download/typescript-3.9.9.tgz?cache=0&sync_timestamp=1616743242996&other_urls=https%3A%2F%2Fregistry.npm.taobao.org%2Ftypescript%2Fdownload%2Ftypescript-3.9.9.tgz",
      "integrity": "sha1-5pkFxUvAaB0FGL1NWHzG8tCxpnQ=",
      "dev": true
    }
  }
}
