# THIS IS AN AUTOGENERATED FILE. DO NOT EDIT THIS FILE DIRECTLY.
# yarn lockfile v1


aes-js@^3.1.2:
  version "3.1.2"
  resolved "https://registry.yarnpkg.com/aes-js/-/aes-js-3.1.2.tgz#db9aabde85d5caabbfc0d4f2a4446960f627146a"
  integrity sha512-e5pEa2kBnBOgR4Y/p20pskXI74UEz7de8ZGVo58asOtvSVG5YAbJeELPZxOmt+Bnz3rX753YKhfIn4X4l1PPRQ==

gbk-encode@^1.0.1:
  version "1.0.1"
  resolved "https://registry.yarnpkg.com/gbk-encode/-/gbk-encode-1.0.1.tgz#2c819f4b99a5ed9d5fb1205f00a45f9bb9c23515"
  integrity sha512-zjzvyQwayHJSZ5BPjC1FtxW+LtX0vHb6priesrQMDaqJg5htRdyEdb+XPd1Es3M4Hv+9fHnvF9D6aUxssSUVug==

js-md5@^0.7.3:
  version "0.7.3"
  resolved "https://registry.yarnpkg.com/js-md5/-/js-md5-0.7.3.tgz#b4f2fbb0b327455f598d6727e38ec272cd09c3f2"
  integrity sha512-ZC41vPSTLKGwIRjqDh8DfXoCrdQIyBgspJVPXHBGu4nZlAEvG3nf+jO9avM9RmLiGakg7vz974ms99nEV0tmTQ==

mini_program_gizwits_sdk@^2.0.7-rc.3:
  version "2.0.7-rc.3"
  resolved "https://registry.yarnpkg.com/mini_program_gizwits_sdk/-/mini_program_gizwits_sdk-2.0.7-rc.3.tgz#6bfc6a6887283d8f5fc1e123b10e8807653b381c"
  integrity sha512-DLAIufx8bM4VQTv3AKP7yxByRjk6Q4llEN/87RPufFCrgYAP+HyCxTyi4ky7YG3//vff1f8z3VmD3e4pT4AoYw==
  dependencies:
    aes-js "^3.1.2"
    gbk-encode "^1.0.1"
    js-md5 "^0.7.3"

miniprogram-api-typings@^2.8.3-1:
  version "2.12.0"
  resolved "https://registry.yarnpkg.com/miniprogram-api-typings/-/miniprogram-api-typings-2.12.0.tgz#7a29c90f3e5efa36588422d1f01e22d3394aaaa1"
  integrity sha512-ibvbqeslVFur0IAvTxLMvsbtvVcMo6gwvOnj0YZHV7aeDLu091VQRrETT2QuiG9P6aZWRcxeNGJChRKVPCp9VQ==

typescript@^3.3.3333:
  version "3.9.7"
  resolved "https://registry.yarnpkg.com/typescript/-/typescript-3.9.7.tgz#98d600a5ebdc38f40cb277522f12dc800e9e25fa"
  integrity sha512-BLbiRkiBzAwsjut4x/dsibSTB6yWpwT5qWmC2OfuCg3GgVQCSgMs4vEctYPhsaGtd0AeuuHMkjZ2h2WG8MSzRw==
