# THIS IS AN AUTOGENERATED FILE. DO NOT EDIT THIS FILE DIRECTLY.
# yarn lockfile v1


aes-js@^3.1.2:
  version "3.1.2"
  resolved "https://registry.yarnpkg.com/aes-js/-/aes-js-3.1.2.tgz#db9aabde85d5caabbfc0d4f2a4446960f627146a"
  integrity sha512-e5pEa2kBnBOgR4Y/p20pskXI74UEz7de8ZGVo58asOtvSVG5YAbJeELPZxOmt+Bnz3rX753YKhfIn4X4l1PPRQ==

gbk-encode@^1.0.1:
  version "1.0.1"
  resolved "https://registry.yarnpkg.com/gbk-encode/-/gbk-encode-1.0.1.tgz#2c819f4b99a5ed9d5fb1205f00a45f9bb9c23515"
  integrity sha512-zjzvyQwayHJSZ5BPjC1FtxW+LtX0vHb6priesrQMDaqJg5htRdyEdb+XPd1Es3M4Hv+9fHnvF9D6aUxssSUVug==

js-md5@^0.7.3:
  version "0.7.3"
  resolved "https://registry.yarnpkg.com/js-md5/-/js-md5-0.7.3.tgz#b4f2fbb0b327455f598d6727e38ec272cd09c3f2"
  integrity sha512-ZC41vPSTLKGwIRjqDh8DfXoCrdQIyBgspJVPXHBGu4nZlAEvG3nf+jO9avM9RmLiGakg7vz974ms99nEV0tmTQ==

mini_program_gizwits_sdk@^2.0.8-rc.1:
  version "2.0.8-rc.1"
  resolved "https://registry.yarnpkg.com/mini_program_gizwits_sdk/-/mini_program_gizwits_sdk-2.0.8-rc.1.tgz#fa14141561d9b0a6cbbdbae84f6a4799c31c9e29"
  integrity sha512-eTl7wJK8eQCCiVQT793Z1s/9Wxo39RLWZdPHtmnwnixjX8MX7ejChMTwNWkumL64X7WshKXUJSjL6ZNHfCfqvg==
  dependencies:
    aes-js "^3.1.2"
    gbk-encode "^1.0.1"
    js-md5 "^0.7.3"
